
Microsoft Visual Studio Solution File, Format Version 12.00
# Visual Studio Version 17
VisualStudioVersion = 17.2.32602.215
MinimumVisualStudioVersion = 10.0.40219.1
Project("{FAE04EC0-301F-11D3-BF4B-00C04F79EFBC}") = "NumberGuessingGme", "NumberGuessingGme\NumberGuessingGme.csproj", "{D1401593-0C74-4C0D-9C56-318A0AF07697}"
EndProject
Global
	GlobalSection(SolutionConfigurationPlatforms) = preSolution
		Debug|Any CPU = Debug|Any CPU
		Release|Any CPU = Release|Any CPU
	EndGlobalSection
	GlobalSection(ProjectConfigurationPlatforms) = postSolution
		{D1401593-0C74-4C0D-9C56-318A0AF07697}.Debug|Any CPU.ActiveCfg = Debug|Any CPU
		{D1401593-0C74-4C0D-9C56-318A0AF07697}.Debug|Any CPU.Build.0 = Debug|Any CPU
		{D1401593-0C74-4C0D-9C56-318A0AF07697}.Release|Any CPU.ActiveCfg = Release|Any CPU
		{D1401593-0C74-4C0D-9C56-318A0AF07697}.Release|Any CPU.Build.0 = Release|Any CPU
	EndGlobalSection
	GlobalSection(SolutionProperties) = preSolution
		HideSolutionNode = FALSE
	EndGlobalSection
	GlobalSection(ExtensibilityGlobals) = postSolution
		SolutionGuid = {480E0962-2689-41F3-8915-FF8FC5DC2BD8}
	EndGlobalSection
EndGlobal
